
Microsoft Visual Studio Solution File, Format Version 12.00
# Visual Studio Version 16
VisualStudioVersion = 16.0.31321.278
MinimumVisualStudioVersion = 10.0.40219.1
Project("{FAE04EC0-301F-11D3-BF4B-00C04F79EFBC}") = "CinemaWebsite2", "CinemaWebsite2.csproj", "{48ABF895-6363-467A-B11C-668816CF15FF}"
EndProject
Global
	GlobalSection(SolutionConfigurationPlatforms) = preSolution
		Debug|Any CPU = Debug|Any CPU
		Release|Any CPU = Release|Any CPU
	EndGlobalSection
	GlobalSection(ProjectConfigurationPlatforms) = postSolution
		{48ABF895-6363-467A-B11C-668816CF15FF}.Debug|Any CPU.ActiveCfg = Debug|Any CPU
		{48ABF895-6363-467A-B11C-668816CF15FF}.Debug|Any CPU.Build.0 = Debug|Any CPU
		{48ABF895-6363-467A-B11C-668816CF15FF}.Release|Any CPU.ActiveCfg = Release|Any CPU
		{48ABF895-6363-467A-B11C-668816CF15FF}.Release|Any CPU.Build.0 = Release|Any CPU
	EndGlobalSection
	GlobalSection(SolutionProperties) = preSolution
		HideSolutionNode = FALSE
	EndGlobalSection
	GlobalSection(ExtensibilityGlobals) = postSolution
		SolutionGuid = {373658FC-B633-41BA-84D1-B59AF5544BBF}
	EndGlobalSection
EndGlobal
